
Microsoft Visual Studio Solution File, Format Version 12.00
# Visual Studio Version 16
VisualStudioVersion = 16.0.30611.23
MinimumVisualStudioVersion = 10.0.40219.1
Project("{FAE04EC0-301F-11D3-BF4B-00C04F79EFBC}") = "OurHook v1.0", "OurHook v1.0\OurHook v1.0.csproj", "{5FB5926E-E181-41B5-897B-0F48BD7FA21C}"
EndProject
Global
	GlobalSection(SolutionConfigurationPlatforms) = preSolution
		Debug|Any CPU = Debug|Any CPU
		Release|Any CPU = Release|Any CPU
	EndGlobalSection
	GlobalSection(ProjectConfigurationPlatforms) = postSolution
		{5FB5926E-E181-41B5-897B-0F48BD7FA21C}.Debug|Any CPU.ActiveCfg = Debug|Any CPU
		{5FB5926E-E181-41B5-897B-0F48BD7FA21C}.Debug|Any CPU.Build.0 = Debug|Any CPU
		{5FB5926E-E181-41B5-897B-0F48BD7FA21C}.Release|Any CPU.ActiveCfg = Release|Any CPU
		{5FB5926E-E181-41B5-897B-0F48BD7FA21C}.Release|Any CPU.Build.0 = Release|Any CPU
	EndGlobalSection
	GlobalSection(SolutionProperties) = preSolution
		HideSolutionNode = FALSE
	EndGlobalSection
	GlobalSection(ExtensibilityGlobals) = postSolution
		SolutionGuid = {FD141B1F-9A05-437C-A2B2-94CDA98C6EB4}
	EndGlobalSection
EndGlobal
